
Microsoft Visual Studio Solution File, Format Version 12.00
# Visual Studio Version 17
VisualStudioVersion = 17.9.34728.123
MinimumVisualStudioVersion = 10.0.40219.1
Project("{8BC9CEB8-8B4A-11D0-8D11-00A0C91BC942}") = "Ark Helper", "Ark Helper\Ark Helper.vcxproj", "{CCB02449-BC10-4E44-92B2-A6C6DEED61B1}"
EndProject
Global
	GlobalSection(SolutionConfigurationPlatforms) = preSolution
		Debug|x64 = Debug|x64
		Debug|x86 = Debug|x86
		Release|x64 = Release|x64
		Release|x86 = Release|x86
	EndGlobalSection
	GlobalSection(ProjectConfigurationPlatforms) = postSolution
		{CCB02449-BC10-4E44-92B2-A6C6DEED61B1}.Debug|x64.ActiveCfg = Debug|x64
		{CCB02449-BC10-4E44-92B2-A6C6DEED61B1}.Debug|x64.Build.0 = Debug|x64
		{CCB02449-BC10-4E44-92B2-A6C6DEED61B1}.Debug|x86.ActiveCfg = Debug|Win32
		{CCB02449-BC10-4E44-92B2-A6C6DEED61B1}.Debug|x86.Build.0 = Debug|Win32
		{CCB02449-BC10-4E44-92B2-A6C6DEED61B1}.Release|x64.ActiveCfg = Release|x64
		{CCB02449-BC10-4E44-92B2-A6C6DEED61B1}.Release|x64.Build.0 = Release|x64
		{CCB02449-BC10-4E44-92B2-A6C6DEED61B1}.Release|x86.ActiveCfg = Release|Win32
		{CCB02449-BC10-4E44-92B2-A6C6DEED61B1}.Release|x86.Build.0 = Release|Win32
	EndGlobalSection
	GlobalSection(SolutionProperties) = preSolution
		HideSolutionNode = FALSE
	EndGlobalSection
	GlobalSection(ExtensibilityGlobals) = postSolution
		SolutionGuid = {E1F9B6EE-0FCA-405D-A602-58D9944BBB34}
	EndGlobalSection
EndGlobal
